
Microsoft Visual Studio Solution File, Format Version 12.00
# Visual Studio Version 17
VisualStudioVersion = 17.14.36203.30 d17.14
MinimumVisualStudioVersion = 10.0.40219.1
Project("{FAE04EC0-301F-11D3-BF4B-00C04F79EFBC}") = "FishSupplyChain", "FishSupplyChain\FishSupplyChain.csproj", "{91B0A1D5-E1DE-4E79-AF7D-30F0F3E160C0}"
EndProject
Global
	GlobalSection(SolutionConfigurationPlatforms) = preSolution
		Debug|Any CPU = Debug|Any CPU
		Release|Any CPU = Release|Any CPU
	EndGlobalSection
	GlobalSection(ProjectConfigurationPlatforms) = postSolution
		{91B0A1D5-E1DE-4E79-AF7D-30F0F3E160C0}.Debug|Any CPU.ActiveCfg = Debug|Any CPU
		{91B0A1D5-E1DE-4E79-AF7D-30F0F3E160C0}.Debug|Any CPU.Build.0 = Debug|Any CPU
		{91B0A1D5-E1DE-4E79-AF7D-30F0F3E160C0}.Release|Any CPU.ActiveCfg = Release|Any CPU
		{91B0A1D5-E1DE-4E79-AF7D-30F0F3E160C0}.Release|Any CPU.Build.0 = Release|Any CPU
	EndGlobalSection
	GlobalSection(SolutionProperties) = preSolution
		HideSolutionNode = FALSE
	EndGlobalSection
	GlobalSection(ExtensibilityGlobals) = postSolution
		SolutionGuid = {2CC658A1-9388-421D-9461-08EF4E47148A}
	EndGlobalSection
EndGlobal
